
Microsoft Visual Studio Solution File, Format Version 12.00
# Visual Studio Version 17
VisualStudioVersion = 17.14.36408.4 d17.14
MinimumVisualStudioVersion = 10.0.40219.1
Project("{FAE04EC0-301F-11D3-BF4B-00C04F79EFBC}") = "MMDS_3_1", "MMDS_3_1\MMDS_3_1.csproj", "{DD733010-9AFE-4471-83B7-BD4D8851BB77}"
EndProject
Project("{FAE04EC0-301F-11D3-BF4B-00C04F79EFBC}") = "Core", "Core\Core.csproj", "{A25BD12D-DD39-4648-9D75-B8B2A343286D}"
EndProject
Global
	GlobalSection(SolutionConfigurationPlatforms) = preSolution
		Debug|Any CPU = Debug|Any CPU
		Release|Any CPU = Release|Any CPU
	EndGlobalSection
	GlobalSection(ProjectConfigurationPlatforms) = postSolution
		{DD733010-9AFE-4471-83B7-BD4D8851BB77}.Debug|Any CPU.ActiveCfg = Debug|Any CPU
		{DD733010-9AFE-4471-83B7-BD4D8851BB77}.Debug|Any CPU.Build.0 = Debug|Any CPU
		{DD733010-9AFE-4471-83B7-BD4D8851BB77}.Release|Any CPU.ActiveCfg = Release|Any CPU
		{DD733010-9AFE-4471-83B7-BD4D8851BB77}.Release|Any CPU.Build.0 = Release|Any CPU
		{A25BD12D-DD39-4648-9D75-B8B2A343286D}.Debug|Any CPU.ActiveCfg = Debug|Any CPU
		{A25BD12D-DD39-4648-9D75-B8B2A343286D}.Debug|Any CPU.Build.0 = Debug|Any CPU
		{A25BD12D-DD39-4648-9D75-B8B2A343286D}.Release|Any CPU.ActiveCfg = Release|Any CPU
		{A25BD12D-DD39-4648-9D75-B8B2A343286D}.Release|Any CPU.Build.0 = Release|Any CPU
	EndGlobalSection
	GlobalSection(SolutionProperties) = preSolution
		HideSolutionNode = FALSE
	EndGlobalSection
	GlobalSection(ExtensibilityGlobals) = postSolution
		SolutionGuid = {E815D8F1-68F7-48D7-9483-6E459B3E85D8}
	EndGlobalSection
EndGlobal
